
Microsoft Visual Studio Solution File, Format Version 12.00
# Visual Studio Version 16
VisualStudioVersion = 16.0.30717.126
MinimumVisualStudioVersion = 10.0.40219.1
Project("{9A19103F-16F7-4668-BE54-9A1E7A4F7556}") = "ECommerceApi", "ECommerceApi\ECommerceApi.csproj", "{4C5BDE46-675C-4B74-9F62-A643A6C5CF55}"
EndProject
Project("{FAE04EC0-301F-11D3-BF4B-00C04F79EFBC}") = "ECommerceXUnitTests", "ECommerceXUnitTests\ECommerceXUnitTests.csproj", "{86CD662A-4CA4-4661-BA71-4A3EBC48AFB2}"
EndProject
Global
	GlobalSection(SolutionConfigurationPlatforms) = preSolution
		Debug|Any CPU = Debug|Any CPU
		Release|Any CPU = Release|Any CPU
	EndGlobalSection
	GlobalSection(ProjectConfigurationPlatforms) = postSolution
		{4C5BDE46-675C-4B74-9F62-A643A6C5CF55}.Debug|Any CPU.ActiveCfg = Debug|Any CPU
		{4C5BDE46-675C-4B74-9F62-A643A6C5CF55}.Debug|Any CPU.Build.0 = Debug|Any CPU
		{4C5BDE46-675C-4B74-9F62-A643A6C5CF55}.Release|Any CPU.ActiveCfg = Release|Any CPU
		{4C5BDE46-675C-4B74-9F62-A643A6C5CF55}.Release|Any CPU.Build.0 = Release|Any CPU
		{86CD662A-4CA4-4661-BA71-4A3EBC48AFB2}.Debug|Any CPU.ActiveCfg = Debug|Any CPU
		{86CD662A-4CA4-4661-BA71-4A3EBC48AFB2}.Debug|Any CPU.Build.0 = Debug|Any CPU
		{86CD662A-4CA4-4661-BA71-4A3EBC48AFB2}.Release|Any CPU.ActiveCfg = Release|Any CPU
		{86CD662A-4CA4-4661-BA71-4A3EBC48AFB2}.Release|Any CPU.Build.0 = Release|Any CPU
	EndGlobalSection
	GlobalSection(SolutionProperties) = preSolution
		HideSolutionNode = FALSE
	EndGlobalSection
	GlobalSection(ExtensibilityGlobals) = postSolution
		SolutionGuid = {9ADDA45E-C986-4BAF-A3AC-8ED2628B7B79}
	EndGlobalSection
EndGlobal
